
Microsoft Visual Studio Solution File, Format Version 12.00
# Visual Studio 15
VisualStudioVersion = 15.0.28010.2003
MinimumVisualStudioVersion = 10.0.40219.1
Project("{9A19103F-16F7-4668-BE54-9A1E7A4F7556}") = "NetworkTools.Web", "NetworkTools\NetworkTools.Web.csproj", "{FF3A1AB5-9A20-4155-AD92-0FB95AF66542}"
EndProject
Project("{9A19103F-16F7-4668-BE54-9A1E7A4F7556}") = "NetwrokTools.TorrentService", "NetwrokTools.TorrentService\NetwrokTools.TorrentService.csproj", "{FDFB2ED5-9AED-4EC5-92D6-7A9A19940155}"
EndProject
Project("{9A19103F-16F7-4668-BE54-9A1E7A4F7556}") = "NetworkTools.Authentication", "NetworkTools.Authentication\NetworkTools.Authentication.csproj", "{66B46953-CC27-459F-9FB4-8EB9263E528C}"
EndProject
Project("{9A19103F-16F7-4668-BE54-9A1E7A4F7556}") = "NetworkTools.DiagnosticsServices", "NetworkTools.Diagnostics\NetworkTools.DiagnosticsServices.csproj", "{AF885A08-ECCB-486F-8F07-9553B8682DAE}"
EndProject
Project("{9A19103F-16F7-4668-BE54-9A1E7A4F7556}") = "NetworkTools.Utility", "NetworkTools.Utility\NetworkTools.Utility.csproj", "{D8ABE40B-4960-4D97-B51C-07998EAB53E9}"
EndProject
Project("{FAE04EC0-301F-11D3-BF4B-00C04F79EFBC}") = "NetworkTools.RemoteShellServices", "NetworkTools.RemoteShellServices\NetworkTools.RemoteShellServices.csproj", "{872DB036-AF18-4F7F-A79A-FAC1B99AB12D}"
EndProject
Global
	GlobalSection(SolutionConfigurationPlatforms) = preSolution
		Debug|Any CPU = Debug|Any CPU
		Release|Any CPU = Release|Any CPU
	EndGlobalSection
	GlobalSection(ProjectConfigurationPlatforms) = postSolution
		{FF3A1AB5-9A20-4155-AD92-0FB95AF66542}.Debug|Any CPU.ActiveCfg = Debug|Any CPU
		{FF3A1AB5-9A20-4155-AD92-0FB95AF66542}.Debug|Any CPU.Build.0 = Debug|Any CPU
		{FF3A1AB5-9A20-4155-AD92-0FB95AF66542}.Release|Any CPU.ActiveCfg = Release|Any CPU
		{FF3A1AB5-9A20-4155-AD92-0FB95AF66542}.Release|Any CPU.Build.0 = Release|Any CPU
		{FDFB2ED5-9AED-4EC5-92D6-7A9A19940155}.Debug|Any CPU.ActiveCfg = Debug|Any CPU
		{FDFB2ED5-9AED-4EC5-92D6-7A9A19940155}.Debug|Any CPU.Build.0 = Debug|Any CPU
		{FDFB2ED5-9AED-4EC5-92D6-7A9A19940155}.Release|Any CPU.ActiveCfg = Release|Any CPU
		{FDFB2ED5-9AED-4EC5-92D6-7A9A19940155}.Release|Any CPU.Build.0 = Release|Any CPU
		{66B46953-CC27-459F-9FB4-8EB9263E528C}.Debug|Any CPU.ActiveCfg = Debug|Any CPU
		{66B46953-CC27-459F-9FB4-8EB9263E528C}.Debug|Any CPU.Build.0 = Debug|Any CPU
		{66B46953-CC27-459F-9FB4-8EB9263E528C}.Release|Any CPU.ActiveCfg = Release|Any CPU
		{66B46953-CC27-459F-9FB4-8EB9263E528C}.Release|Any CPU.Build.0 = Release|Any CPU
		{AF885A08-ECCB-486F-8F07-9553B8682DAE}.Debug|Any CPU.ActiveCfg = Debug|Any CPU
		{AF885A08-ECCB-486F-8F07-9553B8682DAE}.Debug|Any CPU.Build.0 = Debug|Any CPU
		{AF885A08-ECCB-486F-8F07-9553B8682DAE}.Release|Any CPU.ActiveCfg = Release|Any CPU
		{AF885A08-ECCB-486F-8F07-9553B8682DAE}.Release|Any CPU.Build.0 = Release|Any CPU
		{D8ABE40B-4960-4D97-B51C-07998EAB53E9}.Debug|Any CPU.ActiveCfg = Debug|Any CPU
		{D8ABE40B-4960-4D97-B51C-07998EAB53E9}.Debug|Any CPU.Build.0 = Debug|Any CPU
		{D8ABE40B-4960-4D97-B51C-07998EAB53E9}.Release|Any CPU.ActiveCfg = Release|Any CPU
		{D8ABE40B-4960-4D97-B51C-07998EAB53E9}.Release|Any CPU.Build.0 = Release|Any CPU
		{872DB036-AF18-4F7F-A79A-FAC1B99AB12D}.Debug|Any CPU.ActiveCfg = Debug|Any CPU
		{872DB036-AF18-4F7F-A79A-FAC1B99AB12D}.Debug|Any CPU.Build.0 = Debug|Any CPU
		{872DB036-AF18-4F7F-A79A-FAC1B99AB12D}.Release|Any CPU.ActiveCfg = Release|Any CPU
		{872DB036-AF18-4F7F-A79A-FAC1B99AB12D}.Release|Any CPU.Build.0 = Release|Any CPU
	EndGlobalSection
	GlobalSection(SolutionProperties) = preSolution
		HideSolutionNode = FALSE
	EndGlobalSection
	GlobalSection(ExtensibilityGlobals) = postSolution
		SolutionGuid = {8F1DFFE1-5965-491A-9E4A-702881670346}
	EndGlobalSection
EndGlobal
